<?xml version="1.0" encoding="utf-8"?>
<Project ToolsVersion="4.0" xmlns="http://schemas.microsoft.com/developer/msbuild/2003">
  <ItemGroup>
    <Filter Include="Source Files">
      <UniqueIdentifier>{4FC737F1-C7A5-4376-A066-2A32D752A2FF}</UniqueIdentifier>
      <Extensions>cpp;c;cc;cxx;def;odl;idl;hpj;bat;asm;asmx</Extensions>
    </Filter>
    <Filter Include="Header Files">
      <UniqueIdentifier>{93995380-89BD-4b04-88EB-625FBE52EBFB}</UniqueIdentifier>
      <Extensions>h;hpp;hxx;hm;inl;inc;xsd</Extensions>
    </Filter>
    <Filter Include="Header Files\jcl">
      <UniqueIdentifier>{6e5f287a-1954-4a86-bb13-aa43fdc86d09}</UniqueIdentifier>
    </Filter>
    <Filter Include="Source Files\jcl">
      <UniqueIdentifier>{693f1d01-679b-4f5b-9270-943fffb65f09}</UniqueIdentifier>
    </Filter>
    <Filter Include="Header Files\jcl\data_str">
      <UniqueIdentifier>{f7d4f5f0-bafa-465e-b938-e92b8379a485}</UniqueIdentifier>
    </Filter>
    <Filter Include="Header Files\jcl\string_util">
      <UniqueIdentifier>{a8bc8a0d-5a74-42ce-831f-71e6f55a6680}</UniqueIdentifier>
    </Filter>
    <Filter Include="Header Files\jcl\math">
      <UniqueIdentifier>{3747e573-3765-45a0-b95f-98b063695e7f}</UniqueIdentifier>
    </Filter>
    <Filter Include="Source Files\jcl\math">
      <UniqueIdentifier>{fd4bcea3-319b-43db-8bb4-ac31ec7c1a46}</UniqueIdentifier>
    </Filter>
    <Filter Include="Header Files\jcl\alignment">
      <UniqueIdentifier>{d60ec02a-7f7e-423b-bfea-d75f668ba71e}</UniqueIdentifier>
    </Filter>
    <Filter Include="Source Files\jcl\data_str">
      <UniqueIdentifier>{ff179a39-8fc0-4465-809a-8a85717c0611}</UniqueIdentifier>
    </Filter>
    <Filter Include="Source Files\jcl\string_util">
      <UniqueIdentifier>{9a53f332-2a6c-4da2-8dcb-7cc2b6dba6e5}</UniqueIdentifier>
    </Filter>
    <Filter Include="Header Files\jcl\threading">
      <UniqueIdentifier>{d6b5ab1d-723d-4621-b45a-04d8e7344129}</UniqueIdentifier>
    </Filter>
    <Filter Include="Source Files\jcl\threading">
      <UniqueIdentifier>{3d13e2d6-19d4-46a9-8c51-10bc5738af73}</UniqueIdentifier>
    </Filter>
  </ItemGroup>
  <ItemGroup>
    <ClInclude Include="include\jcl\cl_include.h">
      <Filter>Header Files\jcl</Filter>
    </ClInclude>
    <ClInclude Include="include\jcl\opencl_buffer_data.h">
      <Filter>Header Files\jcl</Filter>
    </ClInclude>
    <ClInclude Include="include\jcl\opencl_context.h">
      <Filter>Header Files\jcl</Filter>
    </ClInclude>
    <ClInclude Include="include\jcl\opencl_kernel.h">
      <Filter>Header Files\jcl</Filter>
    </ClInclude>
    <ClInclude Include="include\jcl\opencl_program.h">
      <Filter>Header Files\jcl</Filter>
    </ClInclude>
    <ClInclude Include="include\jcl\jcl.h">
      <Filter>Header Files\jcl</Filter>
    </ClInclude>
    <ClInclude Include="include\jcl\data_str\hash_funcs.h">
      <Filter>Header Files\jcl\data_str</Filter>
    </ClInclude>
    <ClInclude Include="include\jcl\string_util\macros.h">
      <Filter>Header Files\jcl\string_util</Filter>
    </ClInclude>
    <ClInclude Include="include\jcl\math\int_types.h">
      <Filter>Header Files\jcl\math</Filter>
    </ClInclude>
    <ClInclude Include="include\jcl\data_str\vector_managed.h">
      <Filter>Header Files\jcl\data_str</Filter>
    </ClInclude>
    <ClInclude Include="include\jcl\data_str\hash_map_managed.h">
      <Filter>Header Files\jcl\data_str</Filter>
    </ClInclude>
    <ClInclude Include="include\jcl\data_str\vector.h">
      <Filter>Header Files\jcl\data_str</Filter>
    </ClInclude>
    <ClInclude Include="include\jcl\data_str\pair.h">
      <Filter>Header Files\jcl\data_str</Filter>
    </ClInclude>
    <ClInclude Include="include\jcl\math\math_base.h">
      <Filter>Header Files\jcl\math</Filter>
    </ClInclude>
    <ClInclude Include="include\jcl\alignment\data_align.h">
      <Filter>Header Files\jcl\alignment</Filter>
    </ClInclude>
    <ClInclude Include="include\jcl\math\math_types.h">
      <Filter>Header Files\jcl\math</Filter>
    </ClInclude>
    <ClInclude Include="include\jcl\string_util\md5_jcl.h">
      <Filter>Header Files\jcl\string_util</Filter>
    </ClInclude>
    <ClInclude Include="include\jcl\threading\callback_instances.h">
      <Filter>Header Files\jcl\threading</Filter>
    </ClInclude>
    <ClInclude Include="include\jcl\threading\callback.h">
      <Filter>Header Files\jcl\threading</Filter>
    </ClInclude>
    <ClInclude Include="include\jcl\threading\thread_pool.h">
      <Filter>Header Files\jcl\threading</Filter>
    </ClInclude>
    <ClInclude Include="include\jcl\threading\callback_queue.h">
      <Filter>Header Files\jcl\threading</Filter>
    </ClInclude>
    <ClInclude Include="include\jcl\threading\callback_queue_item.h">
      <Filter>Header Files\jcl\threading</Filter>
    </ClInclude>
    <ClInclude Include="include\jcl\threading\thread.h">
      <Filter>Header Files\jcl\threading</Filter>
    </ClInclude>
  </ItemGroup>
  <ItemGroup>
    <ClCompile Include="src\jcl\opencl_buffer_data.cpp">
      <Filter>Source Files\jcl</Filter>
    </ClCompile>
    <ClCompile Include="src\jcl\opencl_context.cpp">
      <Filter>Source Files\jcl</Filter>
    </ClCompile>
    <ClCompile Include="src\jcl\opencl_kernel.cpp">
      <Filter>Source Files\jcl</Filter>
    </ClCompile>
    <ClCompile Include="src\jcl\opencl_program.cpp">
      <Filter>Source Files\jcl</Filter>
    </ClCompile>
    <ClCompile Include="src\jcl\jcl.cpp">
      <Filter>Source Files\jcl</Filter>
    </ClCompile>
    <ClCompile Include="src\jcl\math\math_base.cpp">
      <Filter>Source Files\jcl\math</Filter>
    </ClCompile>
    <ClCompile Include="src\jcl\data_str\hash_funcs.cpp">
      <Filter>Source Files\jcl\data_str</Filter>
    </ClCompile>
    <ClCompile Include="src\jcl\string_util\md5c_jcl.c">
      <Filter>Source Files\jcl\string_util</Filter>
    </ClCompile>
    <ClCompile Include="src\jcl\threading\thread_pool.cpp">
      <Filter>Source Files\jcl\threading</Filter>
    </ClCompile>
    <ClCompile Include="src\jcl\threading\thread.cpp">
      <Filter>Source Files\jcl\threading</Filter>
    </ClCompile>
  </ItemGroup>
  <ItemGroup>
    <None Include="README.md" />
    <None Include="include\jcl\threading\callback_instances.py">
      <Filter>Header Files\jcl\threading</Filter>
    </None>
  </ItemGroup>
</Project>