<?xml version="1.0" encoding="utf-8"?>
<Project ToolsVersion="4.0" xmlns="http://schemas.microsoft.com/developer/msbuild/2003">
  <ItemGroup>
    <Filter Include="Source Files">
      <UniqueIdentifier>{4FC737F1-C7A5-4376-A066-2A32D752A2FF}</UniqueIdentifier>
      <Extensions>cpp;c;cc;cxx;def;odl;idl;hpj;bat;asm;asmx</Extensions>
    </Filter>
    <Filter Include="Header Files">
      <UniqueIdentifier>{93995380-89BD-4b04-88EB-625FBE52EBFB}</UniqueIdentifier>
      <Extensions>h;hpp;hxx;hm;inl;inc;xsd</Extensions>
    </Filter>
    <Filter Include="Header Files\jtorch">
      <UniqueIdentifier>{d1038166-2ec7-4241-964c-a8a915b901ad}</UniqueIdentifier>
    </Filter>
    <Filter Include="Source Files\jtorch">
      <UniqueIdentifier>{68901a2d-8774-41d3-be3f-56eda17cd13b}</UniqueIdentifier>
    </Filter>
    <Filter Include="kernels">
      <UniqueIdentifier>{8942c00e-628f-4277-bb44-8444447049c5}</UniqueIdentifier>
    </Filter>
  </ItemGroup>
  <ItemGroup>
    <ClInclude Include="include\jtorch\join_table.h">
      <Filter>Header Files\jtorch</Filter>
    </ClInclude>
    <ClInclude Include="include\jtorch\linear.h">
      <Filter>Header Files\jtorch</Filter>
    </ClInclude>
    <ClInclude Include="include\jtorch\parallel.h">
      <Filter>Header Files\jtorch</Filter>
    </ClInclude>
    <ClInclude Include="include\jtorch\reshape.h">
      <Filter>Header Files\jtorch</Filter>
    </ClInclude>
    <ClInclude Include="include\jtorch\sequential.h">
      <Filter>Header Files\jtorch</Filter>
    </ClInclude>
    <ClInclude Include="include\jtorch\spatial_contrastive_normalization.h">
      <Filter>Header Files\jtorch</Filter>
    </ClInclude>
    <ClInclude Include="include\jtorch\spatial_convolution_map.h">
      <Filter>Header Files\jtorch</Filter>
    </ClInclude>
    <ClInclude Include="include\jtorch\spatial_divisive_normalization.h">
      <Filter>Header Files\jtorch</Filter>
    </ClInclude>
    <ClInclude Include="include\jtorch\spatial_lp_pooling.h">
      <Filter>Header Files\jtorch</Filter>
    </ClInclude>
    <ClInclude Include="include\jtorch\spatial_max_pooling.h">
      <Filter>Header Files\jtorch</Filter>
    </ClInclude>
    <ClInclude Include="include\jtorch\spatial_subtractive_normalization.h">
      <Filter>Header Files\jtorch</Filter>
    </ClInclude>
    <ClInclude Include="include\jtorch\table.h">
      <Filter>Header Files\jtorch</Filter>
    </ClInclude>
    <ClInclude Include="include\jtorch\tanh.h">
      <Filter>Header Files\jtorch</Filter>
    </ClInclude>
    <ClInclude Include="include\jtorch\threshold.h">
      <Filter>Header Files\jtorch</Filter>
    </ClInclude>
    <ClInclude Include="include\jtorch\torch_data.h">
      <Filter>Header Files\jtorch</Filter>
    </ClInclude>
    <ClInclude Include="include\jtorch\torch_stage.h">
      <Filter>Header Files\jtorch</Filter>
    </ClInclude>
    <ClInclude Include="include\jtorch\transpose.h">
      <Filter>Header Files\jtorch</Filter>
    </ClInclude>
    <ClInclude Include="include\jtorch\jtorch.h">
      <Filter>Header Files\jtorch</Filter>
    </ClInclude>
    <ClInclude Include="include\jtorch\tensor.h">
      <Filter>Header Files\jtorch</Filter>
    </ClInclude>
    <ClInclude Include="include\jtorch\spatial_convolution.h">
      <Filter>Header Files\jtorch</Filter>
    </ClInclude>
    <ClInclude Include="include\jtorch\identity.h">
      <Filter>Header Files\jtorch</Filter>
    </ClInclude>
    <ClInclude Include="include\jtorch\select_table.h">
      <Filter>Header Files\jtorch</Filter>
    </ClInclude>
    <ClInclude Include="include\jtorch\c_add_table.h">
      <Filter>Header Files\jtorch</Filter>
    </ClInclude>
    <ClInclude Include="include\jtorch\spatial_up_sampling_nearest.h">
      <Filter>Header Files\jtorch</Filter>
    </ClInclude>
  </ItemGroup>
  <ItemGroup>
    <ClCompile Include="src\jtorch\join_table.cpp">
      <Filter>Source Files\jtorch</Filter>
    </ClCompile>
    <ClCompile Include="src\jtorch\linear.cpp">
      <Filter>Source Files\jtorch</Filter>
    </ClCompile>
    <ClCompile Include="src\jtorch\parallel.cpp">
      <Filter>Source Files\jtorch</Filter>
    </ClCompile>
    <ClCompile Include="src\jtorch\reshape.cpp">
      <Filter>Source Files\jtorch</Filter>
    </ClCompile>
    <ClCompile Include="src\jtorch\sequential.cpp">
      <Filter>Source Files\jtorch</Filter>
    </ClCompile>
    <ClCompile Include="src\jtorch\spatial_contrastive_normalization.cpp">
      <Filter>Source Files\jtorch</Filter>
    </ClCompile>
    <ClCompile Include="src\jtorch\spatial_convolution_map.cpp">
      <Filter>Source Files\jtorch</Filter>
    </ClCompile>
    <ClCompile Include="src\jtorch\spatial_divisive_normalization.cpp">
      <Filter>Source Files\jtorch</Filter>
    </ClCompile>
    <ClCompile Include="src\jtorch\spatial_lp_pooling.cpp">
      <Filter>Source Files\jtorch</Filter>
    </ClCompile>
    <ClCompile Include="src\jtorch\spatial_max_pooling.cpp">
      <Filter>Source Files\jtorch</Filter>
    </ClCompile>
    <ClCompile Include="src\jtorch\spatial_subtractive_normalization.cpp">
      <Filter>Source Files\jtorch</Filter>
    </ClCompile>
    <ClCompile Include="src\jtorch\table.cpp">
      <Filter>Source Files\jtorch</Filter>
    </ClCompile>
    <ClCompile Include="src\jtorch\tanh.cpp">
      <Filter>Source Files\jtorch</Filter>
    </ClCompile>
    <ClCompile Include="src\jtorch\threshold.cpp">
      <Filter>Source Files\jtorch</Filter>
    </ClCompile>
    <ClCompile Include="src\jtorch\torch_data.cpp">
      <Filter>Source Files\jtorch</Filter>
    </ClCompile>
    <ClCompile Include="src\jtorch\torch_stage.cpp">
      <Filter>Source Files\jtorch</Filter>
    </ClCompile>
    <ClCompile Include="src\jtorch\transpose.cpp">
      <Filter>Source Files\jtorch</Filter>
    </ClCompile>
    <ClCompile Include="src\jtorch\jtorch.cpp">
      <Filter>Source Files\jtorch</Filter>
    </ClCompile>
    <ClCompile Include="src\jtorch\spatial_convolution.cpp">
      <Filter>Source Files\jtorch</Filter>
    </ClCompile>
    <ClCompile Include="src\jtorch\identity.cpp">
      <Filter>Source Files\jtorch</Filter>
    </ClCompile>
    <ClCompile Include="src\jtorch\select_table.cpp">
      <Filter>Source Files\jtorch</Filter>
    </ClCompile>
    <ClCompile Include="src\jtorch\c_add_table.cpp">
      <Filter>Source Files\jtorch</Filter>
    </ClCompile>
    <ClCompile Include="src\jtorch\spatial_up_sampling_nearest.cpp">
      <Filter>Source Files\jtorch</Filter>
    </ClCompile>
  </ItemGroup>
  <ItemGroup>
    <None Include="kernels\tanh.cl">
      <Filter>kernels</Filter>
    </None>
    <None Include="kernels\threshold.cl">
      <Filter>kernels</Filter>
    </None>
    <None Include="kernels\spatial_convolution.cl">
      <Filter>kernels</Filter>
    </None>
    <None Include="kernels\spatial_max_pooling.cl">
      <Filter>kernels</Filter>
    </None>
    <None Include="kernels\spatial_subtractive_normalization.cl">
      <Filter>kernels</Filter>
    </None>
    <None Include="kernels\spatial_divisive_normalization.cl">
      <Filter>kernels</Filter>
    </None>
    <None Include="kernels\linear.cl">
      <Filter>kernels</Filter>
    </None>
    <None Include="kernels\join_table.cl">
      <Filter>kernels</Filter>
    </None>
    <None Include="README.md" />
    <None Include="kernels\copy.cl">
      <Filter>kernels</Filter>
    </None>
    <None Include="kernels\add.cl">
      <Filter>kernels</Filter>
    </None>
    <None Include="kernels\zero.cl">
      <Filter>kernels</Filter>
    </None>
    <None Include="kernels\accumulate.cl">
      <Filter>kernels</Filter>
    </None>
    <None Include="kernels\mul.cl">
      <Filter>kernels</Filter>
    </None>
    <None Include="kernels\div.cl">
      <Filter>kernels</Filter>
    </None>
    <None Include="kernels\spatial_up_sampling_nearest.cl">
      <Filter>kernels</Filter>
    </None>
  </ItemGroup>
</Project>