<?xml version="1.0" encoding="utf-8"?>
<Project ToolsVersion="4.0" xmlns="http://schemas.microsoft.com/developer/msbuild/2003">
  <ItemGroup>
    <Filter Include="Source Files">
      <UniqueIdentifier>{4FC737F1-C7A5-4376-A066-2A32D752A2FF}</UniqueIdentifier>
      <Extensions>cpp;c;cc;cxx;def;odl;idl;hpj;bat;asm;asmx</Extensions>
    </Filter>
    <Filter Include="headers">
      <UniqueIdentifier>{8545287c-22ce-4fa2-b774-6988678dd486}</UniqueIdentifier>
    </Filter>
    <Filter Include="headers\clk">
      <UniqueIdentifier>{643ed2a3-b092-42b9-98ff-f58504fb4ab8}</UniqueIdentifier>
    </Filter>
    <Filter Include="Source Files\clk">
      <UniqueIdentifier>{f197a5ac-85e5-4d56-bda0-b517090e59c4}</UniqueIdentifier>
    </Filter>
  </ItemGroup>
  <ItemGroup>
    <ClCompile Include="src\main_clblas_test.cpp">
      <Filter>Source Files</Filter>
    </ClCompile>
    <ClCompile Include="src\debug_util_win32.cpp">
      <Filter>Source Files</Filter>
    </ClCompile>
  </ItemGroup>
  <ItemGroup>
    <ClInclude Include="headers\clk\clk.h">
      <Filter>headers\clk</Filter>
    </ClInclude>
    <ClInclude Include="headers\debug_util.h">
      <Filter>headers</Filter>
    </ClInclude>
  </ItemGroup>
</Project>